
Microsoft Visual Studio Solution File, Format Version 12.00
# Visual Studio Version 17
VisualStudioVersion = 17.5.33530.505
MinimumVisualStudioVersion = 10.0.40219.1
Project("{F184B08F-C81C-45F6-A57F-5ABD9991F28F}") = "ForrmBismillah", "ForrmBismillah.vbproj", "{C99D7103-059F-43A3-AFB9-93ADE0AB7F01}"
EndProject
Global
	GlobalSection(SolutionConfigurationPlatforms) = preSolution
		Debug|Any CPU = Debug|Any CPU
		Release|Any CPU = Release|Any CPU
	EndGlobalSection
	GlobalSection(ProjectConfigurationPlatforms) = postSolution
		{C99D7103-059F-43A3-AFB9-93ADE0AB7F01}.Debug|Any CPU.ActiveCfg = Debug|Any CPU
		{C99D7103-059F-43A3-AFB9-93ADE0AB7F01}.Debug|Any CPU.Build.0 = Debug|Any CPU
		{C99D7103-059F-43A3-AFB9-93ADE0AB7F01}.Release|Any CPU.ActiveCfg = Release|Any CPU
		{C99D7103-059F-43A3-AFB9-93ADE0AB7F01}.Release|Any CPU.Build.0 = Release|Any CPU
	EndGlobalSection
	GlobalSection(SolutionProperties) = preSolution
		HideSolutionNode = FALSE
	EndGlobalSection
	GlobalSection(ExtensibilityGlobals) = postSolution
		SolutionGuid = {45941246-F086-44D1-83FA-0F8B7FFBDF5D}
	EndGlobalSection
EndGlobal
